
Microsoft Visual Studio Solution File, Format Version 12.00
# Visual Studio 15
VisualStudioVersion = 15.0.26430.14
MinimumVisualStudioVersion = 10.0.40219.1
Project("{2150E333-8FDC-42A3-9474-1A3956D46DE8}") = "samples", "samples", "{9CDA41A0-EF2F-4869-8F17-D37D847A363D}"
EndProject
Project("{2150E333-8FDC-42A3-9474-1A3956D46DE8}") = "Sony9Pin", "Sony9Pin", "{52075E84-67DA-4ACC-BF2B-6FFC5C829F3F}"
EndProject
Project("{2150E333-8FDC-42A3-9474-1A3956D46DE8}") = "Odetics", "Odetics", "{7B3F91CE-9AEC-4D3F-BEF9-5A1DA4B5C104}"
EndProject
Project("{2150E333-8FDC-42A3-9474-1A3956D46DE8}") = "src", "src", "{EAD4740B-6634-4EF8-9FB0-454AFBCECF30}"
EndProject
Project("{FAE04EC0-301F-11D3-BF4B-00C04F79EFBC}") = "Acme.Sony9pin", "Acme.Sony9Pin\Acme.Sony9pin.csproj", "{AE0231A3-124F-46A8-BDD7-182DF85C564D}"
EndProject
Project("{FAE04EC0-301F-11D3-BF4B-00C04F79EFBC}") = "Acme.Odetics", "Acme.Odetics\Acme.Odetics.csproj", "{247A4321-1866-464C-A26C-C065DEA64999}"
EndProject
Project("{FAE04EC0-301F-11D3-BF4B-00C04F79EFBC}") = "BVW75Panel", "..\samples\Sony9Pin\BVW75Panel\BVW75Panel.csproj", "{C06C5168-7E6F-45FC-B73A-EC136ACECC25}"
EndProject
Project("{FAE04EC0-301F-11D3-BF4B-00C04F79EFBC}") = "BVW75", "..\samples\Sony9Pin\BVW75\BVW75.csproj", "{8E5AE42E-0386-47D1-BD5E-043BF69D753F}"
EndProject
Global
	GlobalSection(SolutionConfigurationPlatforms) = preSolution
		Debug|Any CPU = Debug|Any CPU
		Release|Any CPU = Release|Any CPU
	EndGlobalSection
	GlobalSection(ProjectConfigurationPlatforms) = postSolution
		{AE0231A3-124F-46A8-BDD7-182DF85C564D}.Debug|Any CPU.ActiveCfg = Debug|Any CPU
		{AE0231A3-124F-46A8-BDD7-182DF85C564D}.Debug|Any CPU.Build.0 = Debug|Any CPU
		{AE0231A3-124F-46A8-BDD7-182DF85C564D}.Release|Any CPU.ActiveCfg = Release|Any CPU
		{AE0231A3-124F-46A8-BDD7-182DF85C564D}.Release|Any CPU.Build.0 = Release|Any CPU
		{247A4321-1866-464C-A26C-C065DEA64999}.Debug|Any CPU.ActiveCfg = Debug|Any CPU
		{247A4321-1866-464C-A26C-C065DEA64999}.Debug|Any CPU.Build.0 = Debug|Any CPU
		{247A4321-1866-464C-A26C-C065DEA64999}.Release|Any CPU.ActiveCfg = Release|Any CPU
		{247A4321-1866-464C-A26C-C065DEA64999}.Release|Any CPU.Build.0 = Release|Any CPU
		{C06C5168-7E6F-45FC-B73A-EC136ACECC25}.Debug|Any CPU.ActiveCfg = Debug|Any CPU
		{C06C5168-7E6F-45FC-B73A-EC136ACECC25}.Debug|Any CPU.Build.0 = Debug|Any CPU
		{C06C5168-7E6F-45FC-B73A-EC136ACECC25}.Release|Any CPU.ActiveCfg = Release|Any CPU
		{C06C5168-7E6F-45FC-B73A-EC136ACECC25}.Release|Any CPU.Build.0 = Release|Any CPU
		{8E5AE42E-0386-47D1-BD5E-043BF69D753F}.Debug|Any CPU.ActiveCfg = Debug|Any CPU
		{8E5AE42E-0386-47D1-BD5E-043BF69D753F}.Debug|Any CPU.Build.0 = Debug|Any CPU
		{8E5AE42E-0386-47D1-BD5E-043BF69D753F}.Release|Any CPU.ActiveCfg = Release|Any CPU
		{8E5AE42E-0386-47D1-BD5E-043BF69D753F}.Release|Any CPU.Build.0 = Release|Any CPU
	EndGlobalSection
	GlobalSection(SolutionProperties) = preSolution
		HideSolutionNode = FALSE
	EndGlobalSection
	GlobalSection(NestedProjects) = preSolution
		{52075E84-67DA-4ACC-BF2B-6FFC5C829F3F} = {9CDA41A0-EF2F-4869-8F17-D37D847A363D}
		{7B3F91CE-9AEC-4D3F-BEF9-5A1DA4B5C104} = {9CDA41A0-EF2F-4869-8F17-D37D847A363D}
		{AE0231A3-124F-46A8-BDD7-182DF85C564D} = {EAD4740B-6634-4EF8-9FB0-454AFBCECF30}
		{247A4321-1866-464C-A26C-C065DEA64999} = {EAD4740B-6634-4EF8-9FB0-454AFBCECF30}
		{C06C5168-7E6F-45FC-B73A-EC136ACECC25} = {52075E84-67DA-4ACC-BF2B-6FFC5C829F3F}
		{8E5AE42E-0386-47D1-BD5E-043BF69D753F} = {52075E84-67DA-4ACC-BF2B-6FFC5C829F3F}
	EndGlobalSection
EndGlobal
